// !$*UTF8*$!
{
	archiveVersion = 1;
	classes = {
	};
	objectVersion = 50;
	objects = {

/* Begin PBXBuildFile section */
		272BEFF527A2195700606901 /* AppDelegate.swift in Sources */ = {isa = PBXBuildFile; fileRef = 272BEFF427A2195700606901 /* AppDelegate.swift */; };
		272BEFF727A2195700606901 /* SceneDelegate.swift in Sources */ = {isa = PBXBuildFile; fileRef = 272BEFF627A2195700606901 /* SceneDelegate.swift */; };
		272BEFF927A2195700606901 /* ViewController.swift in Sources */ = {isa = PBXBuildFile; fileRef = 272BEFF827A2195700606901 /* ViewController.swift */; };
		272BEFFC27A2195700606901 /* Main.storyboard in Resources */ = {isa = PBXBuildFile; fileRef = 272BEFFA27A2195700606901 /* Main.storyboard */; };
		272BEFFE27A2195800606901 /* Assets.xcassets in Resources */ = {isa = PBXBuildFile; fileRef = 272BEFFD27A2195800606901 /* Assets.xcassets */; };
		272BF00127A2195800606901 /* LaunchScreen.storyboard in Resources */ = {isa = PBXBuildFile; fileRef = 272BEFFF27A2195800606901 /* LaunchScreen.storyboard */; };
		272BF00C27A2195800606901 /* OnboardingTests.swift in Sources */ = {isa = PBXBuildFile; fileRef = 272BF00B27A2195800606901 /* OnboardingTests.swift */; };
		272BF01727A2195800606901 /* OnboardingUITests.swift in Sources */ = {isa = PBXBuildFile; fileRef = 272BF01627A2195800606901 /* OnboardingUITests.swift */; };
		272BF02827A2199E00606901 /* GalleryView.swift in Sources */ = {isa = PBXBuildFile; fileRef = 272BF02727A2199E00606901 /* GalleryView.swift */; };
		272BF02D27A21ED400606901 /* UIImageView+Extension.swift in Sources */ = {isa = PBXBuildFile; fileRef = 272BF02C27A21ED400606901 /* UIImageView+Extension.swift */; };
/* End PBXBuildFile section */

/* Begin PBXContainerItemProxy section */
		272BF00827A2195800606901 /* PBXContainerItemProxy */ = {
			isa = PBXContainerItemProxy;
			containerPortal = 272BEFE927A2195700606901 /* Project object */;
			proxyType = 1;
			remoteGlobalIDString = 272BEFF027A2195700606901;
			remoteInfo = Onboarding;
		};
		272BF01327A2195800606901 /* PBXContainerItemProxy */ = {
			isa = PBXContainerItemProxy;
			containerPortal = 272BEFE927A2195700606901 /* Project object */;
			proxyType = 1;
			remoteGlobalIDString = 272BEFF027A2195700606901;
			remoteInfo = Onboarding;
		};
/* End PBXContainerItemProxy section */

/* Begin PBXFileReference section */
		272BEFF127A2195700606901 /* Onboarding.app */ = {isa = PBXFileReference; explicitFileType = wrapper.application; includeInIndex = 0; path = Onboarding.app; sourceTree = BUILT_PRODUCTS_DIR; };
		272BEFF427A2195700606901 /* AppDelegate.swift */ = {isa = PBXFileReference; lastKnownFileType = sourcecode.swift; path = AppDelegate.swift; sourceTree = "<group>"; };
		272BEFF627A2195700606901 /* SceneDelegate.swift */ = {isa = PBXFileReference; lastKnownFileType = sourcecode.swift; path = SceneDelegate.swift; sourceTree = "<group>"; };
		272BEFF827A2195700606901 /* ViewController.swift */ = {isa = PBXFileReference; lastKnownFileType = sourcecode.swift; path = ViewController.swift; sourceTree = "<group>"; };
		272BEFFB27A2195700606901 /* Base */ = {isa = PBXFileReference; lastKnownFileType = file.storyboard; name = Base; path = Base.lproj/Main.storyboard; sourceTree = "<group>"; };
		272BEFFD27A2195800606901 /* Assets.xcassets */ = {isa = PBXFileReference; lastKnownFileType = folder.assetcatalog; path = Assets.xcassets; sourceTree = "<group>"; };
		272BF00027A2195800606901 /* Base */ = {isa = PBXFileReference; lastKnownFileType = file.storyboard; name = Base; path = Base.lproj/LaunchScreen.storyboard; sourceTree = "<group>"; };
		272BF00227A2195800606901 /* Info.plist */ = {isa = PBXFileReference; lastKnownFileType = text.plist.xml; path = Info.plist; sourceTree = "<group>"; };
		272BF00727A2195800606901 /* OnboardingTests.xctest */ = {isa = PBXFileReference; explicitFileType = wrapper.cfbundle; includeInIndex = 0; path = OnboardingTests.xctest; sourceTree = BUILT_PRODUCTS_DIR; };
		272BF00B27A2195800606901 /* OnboardingTests.swift */ = {isa = PBXFileReference; lastKnownFileType = sourcecode.swift; path = OnboardingTests.swift; sourceTree = "<group>"; };
		272BF00D27A2195800606901 /* Info.plist */ = {isa = PBXFileReference; lastKnownFileType = text.plist.xml; path = Info.plist; sourceTree = "<group>"; };
		272BF01227A2195800606901 /* OnboardingUITests.xctest */ = {isa = PBXFileReference; explicitFileType = wrapper.cfbundle; includeInIndex = 0; path = OnboardingUITests.xctest; sourceTree = BUILT_PRODUCTS_DIR; };
		272BF01627A2195800606901 /* OnboardingUITests.swift */ = {isa = PBXFileReference; lastKnownFileType = sourcecode.swift; path = OnboardingUITests.swift; sourceTree = "<group>"; };
		272BF01827A2195800606901 /* Info.plist */ = {isa = PBXFileReference; lastKnownFileType = text.plist.xml; path = Info.plist; sourceTree = "<group>"; };
		272BF02727A2199E00606901 /* GalleryView.swift */ = {isa = PBXFileReference; lastKnownFileType = sourcecode.swift; path = GalleryView.swift; sourceTree = "<group>"; };
		272BF02C27A21ED400606901 /* UIImageView+Extension.swift */ = {isa = PBXFileReference; lastKnownFileType = sourcecode.swift; path = "UIImageView+Extension.swift"; sourceTree = "<group>"; };
/* End PBXFileReference section */

/* Begin PBXFrameworksBuildPhase section */
		272BEFEE27A2195700606901 /* Frameworks */ = {
			isa = PBXFrameworksBuildPhase;
			buildActionMask = 2147483647;
			files = (
			);
			runOnlyForDeploymentPostprocessing = 0;
		};
		272BF00427A2195800606901 /* Frameworks */ = {
			isa = PBXFrameworksBuildPhase;
			buildActionMask = 2147483647;
			files = (
			);
			runOnlyForDeploymentPostprocessing = 0;
		};
		272BF00F27A2195800606901 /* Frameworks */ = {
			isa = PBXFrameworksBuildPhase;
			buildActionMask = 2147483647;
			files = (
			);
			runOnlyForDeploymentPostprocessing = 0;
		};
/* End PBXFrameworksBuildPhase section */

/* Begin PBXGroup section */
		272BEFE827A2195700606901 = {
			isa = PBXGroup;
			children = (
				272BEFF327A2195700606901 /* Onboarding */,
				272BF00A27A2195800606901 /* OnboardingTests */,
				272BF01527A2195800606901 /* OnboardingUITests */,
				272BEFF227A2195700606901 /* Products */,
			);
			sourceTree = "<group>";
		};
		272BEFF227A2195700606901 /* Products */ = {
			isa = PBXGroup;
			children = (
				272BEFF127A2195700606901 /* Onboarding.app */,
				272BF00727A2195800606901 /* OnboardingTests.xctest */,
				272BF01227A2195800606901 /* OnboardingUITests.xctest */,
			);
			name = Products;
			sourceTree = "<group>";
		};
		272BEFF327A2195700606901 /* Onboarding */ = {
			isa = PBXGroup;
			children = (
				272BEFF427A2195700606901 /* AppDelegate.swift */,
				272BEFF627A2195700606901 /* SceneDelegate.swift */,
				272BEFF827A2195700606901 /* ViewController.swift */,
				272BEFFA27A2195700606901 /* Main.storyboard */,
				272BEFFD27A2195800606901 /* Assets.xcassets */,
				272BEFFF27A2195800606901 /* LaunchScreen.storyboard */,
				272BF00227A2195800606901 /* Info.plist */,
				272BF02727A2199E00606901 /* GalleryView.swift */,
				272BF02C27A21ED400606901 /* UIImageView+Extension.swift */,
			);
			path = Onboarding;
			sourceTree = "<group>";
		};
		272BF00A27A2195800606901 /* OnboardingTests */ = {
			isa = PBXGroup;
			children = (
				272BF00B27A2195800606901 /* OnboardingTests.swift */,
				272BF00D27A2195800606901 /* Info.plist */,
			);
			path = OnboardingTests;
			sourceTree = "<group>";
		};
		272BF01527A2195800606901 /* OnboardingUITests */ = {
			isa = PBXGroup;
			children = (
				272BF01627A2195800606901 /* OnboardingUITests.swift */,
				272BF01827A2195800606901 /* Info.plist */,
			);
			path = OnboardingUITests;
			sourceTree = "<group>";
		};
/* End PBXGroup section */

/* Begin PBXNativeTarget section */
		272BEFF027A2195700606901 /* Onboarding */ = {
			isa = PBXNativeTarget;
			buildConfigurationList = 272BF01B27A2195800606901 /* Build configuration list for PBXNativeTarget "Onboarding" */;
			buildPhases = (
				272BEFED27A2195700606901 /* Sources */,
				272BEFEE27A2195700606901 /* Frameworks */,
				272BEFEF27A2195700606901 /* Resources */,
			);
			buildRules = (
			);
			dependencies = (
			);
			name = Onboarding;
			productName = Onboarding;
			productReference = 272BEFF127A2195700606901 /* Onboarding.app */;
			productType = "com.apple.product-type.application";
		};
		272BF00627A2195800606901 /* OnboardingTests */ = {
			isa = PBXNativeTarget;
			buildConfigurationList = 272BF01E27A2195800606901 /* Build configuration list for PBXNativeTarget "OnboardingTests" */;
			buildPhases = (
				272BF00327A2195800606901 /* Sources */,
				272BF00427A2195800606901 /* Frameworks */,
				272BF00527A2195800606901 /* Resources */,
			);
			buildRules = (
			);
			dependencies = (
				272BF00927A2195800606901 /* PBXTargetDependency */,
			);
			name = OnboardingTests;
			productName = OnboardingTests;
			productReference = 272BF00727A2195800606901 /* OnboardingTests.xctest */;
			productType = "com.apple.product-type.bundle.unit-test";
		};
		272BF01127A2195800606901 /* OnboardingUITests */ = {
			isa = PBXNativeTarget;
			buildConfigurationList = 272BF02127A2195800606901 /* Build configuration list for PBXNativeTarget "OnboardingUITests" */;
			buildPhases = (
				272BF00E27A2195800606901 /* Sources */,
				272BF00F27A2195800606901 /* Frameworks */,
				272BF01027A2195800606901 /* Resources */,
			);
			buildRules = (
			);
			dependencies = (
				272BF01427A2195800606901 /* PBXTargetDependency */,
			);
			name = OnboardingUITests;
			productName = OnboardingUITests;
			productReference = 272BF01227A2195800606901 /* OnboardingUITests.xctest */;
			productType = "com.apple.product-type.bundle.ui-testing";
		};
/* End PBXNativeTarget section */

/* Begin PBXProject section */
		272BEFE927A2195700606901 /* Project object */ = {
			isa = PBXProject;
			attributes = {
				LastSwiftUpdateCheck = 1240;
				LastUpgradeCheck = 1240;
				TargetAttributes = {
					272BEFF027A2195700606901 = {
						CreatedOnToolsVersion = 12.4;
					};
					272BF00627A2195800606901 = {
						CreatedOnToolsVersion = 12.4;
						TestTargetID = 272BEFF027A2195700606901;
					};
					272BF01127A2195800606901 = {
						CreatedOnToolsVersion = 12.4;
						TestTargetID = 272BEFF027A2195700606901;
					};
				};
			};
			buildConfigurationList = 272BEFEC27A2195700606901 /* Build configuration list for PBXProject "Onboarding" */;
			compatibilityVersion = "Xcode 9.3";
			developmentRegion = en;
			hasScannedForEncodings = 0;
			knownRegions = (
				en,
				Base,
			);
			mainGroup = 272BEFE827A2195700606901;
			productRefGroup = 272BEFF227A2195700606901 /* Products */;
			projectDirPath = "";
			projectRoot = "";
			targets = (
				272BEFF027A2195700606901 /* Onboarding */,
				272BF00627A2195800606901 /* OnboardingTests */,
				272BF01127A2195800606901 /* OnboardingUITests */,
			);
		};
/* End PBXProject section */

/* Begin PBXResourcesBuildPhase section */
		272BEFEF27A2195700606901 /* Resources */ = {
			isa = PBXResourcesBuildPhase;
			buildActionMask = 2147483647;
			files = (
				272BF00127A2195800606901 /* LaunchScreen.storyboard in Resources */,
				272BEFFE27A2195800606901 /* Assets.xcassets in Resources */,
				272BEFFC27A2195700606901 /* Main.storyboard in Resources */,
			);
			runOnlyForDeploymentPostprocessing = 0;
		};
		272BF00527A2195800606901 /* Resources */ = {
			isa = PBXResourcesBuildPhase;
			buildActionMask = 2147483647;
			files = (
			);
			runOnlyForDeploymentPostprocessing = 0;
		};
		272BF01027A2195800606901 /* Resources */ = {
			isa = PBXResourcesBuildPhase;
			buildActionMask = 2147483647;
			files = (
			);
			runOnlyForDeploymentPostprocessing = 0;
		};
/* End PBXResourcesBuildPhase section */

/* Begin PBXSourcesBuildPhase section */
		272BEFED27A2195700606901 /* Sources */ = {
			isa = PBXSourcesBuildPhase;
			buildActionMask = 2147483647;
			files = (
				272BF02D27A21ED400606901 /* UIImageView+Extension.swift in Sources */,
				272BEFF927A2195700606901 /* ViewController.swift in Sources */,
				272BEFF527A2195700606901 /* AppDelegate.swift in Sources */,
				272BEFF727A2195700606901 /* SceneDelegate.swift in Sources */,
				272BF02827A2199E00606901 /* GalleryView.swift in Sources */,
			);
			runOnlyForDeploymentPostprocessing = 0;
		};
		272BF00327A2195800606901 /* Sources */ = {
			isa = PBXSourcesBuildPhase;
			buildActionMask = 2147483647;
			files = (
				272BF00C27A2195800606901 /* OnboardingTests.swift in Sources */,
			);
			runOnlyForDeploymentPostprocessing = 0;
		};
		272BF00E27A2195800606901 /* Sources */ = {
			isa = PBXSourcesBuildPhase;
			buildActionMask = 2147483647;
			files = (
				272BF01727A2195800606901 /* OnboardingUITests.swift in Sources */,
			);
			runOnlyForDeploymentPostprocessing = 0;
		};
/* End PBXSourcesBuildPhase section */

/* Begin PBXTargetDependency section */
		272BF00927A2195800606901 /* PBXTargetDependency */ = {
			isa = PBXTargetDependency;
			target = 272BEFF027A2195700606901 /* Onboarding */;
			targetProxy = 272BF00827A2195800606901 /* PBXContainerItemProxy */;
		};
		272BF01427A2195800606901 /* PBXTargetDependency */ = {
			isa = PBXTargetDependency;
			target = 272BEFF027A2195700606901 /* Onboarding */;
			targetProxy = 272BF01327A2195800606901 /* PBXContainerItemProxy */;
		};
/* End PBXTargetDependency section */

/* Begin PBXVariantGroup section */
		272BEFFA27A2195700606901 /* Main.storyboard */ = {
			isa = PBXVariantGroup;
			children = (
				272BEFFB27A2195700606901 /* Base */,
			);
			name = Main.storyboard;
			sourceTree = "<group>";
		};
		272BEFFF27A2195800606901 /* LaunchScreen.storyboard */ = {
			isa = PBXVariantGroup;
			children = (
				272BF00027A2195800606901 /* Base */,
			);
			name = LaunchScreen.storyboard;
			sourceTree = "<group>";
		};
/* End PBXVariantGroup section */

/* Begin XCBuildConfiguration section */
		272BF01927A2195800606901 /* Debug */ = {
			isa = XCBuildConfiguration;
			buildSettings = {
				ALWAYS_SEARCH_USER_PATHS = NO;
				CLANG_ANALYZER_NONNULL = YES;
				CLANG_ANALYZER_NUMBER_OBJECT_CONVERSION = YES_AGGRESSIVE;
				CLANG_CXX_LANGUAGE_STANDARD = "gnu++14";
				CLANG_CXX_LIBRARY = "libc++";
				CLANG_ENABLE_MODULES = YES;
				CLANG_ENABLE_OBJC_ARC = YES;
				CLANG_ENABLE_OBJC_WEAK = YES;
				CLANG_WARN_BLOCK_CAPTURE_AUTORELEASING = YES;
				CLANG_WARN_BOOL_CONVERSION = YES;
				CLANG_WARN_COMMA = YES;
				CLANG_WARN_CONSTANT_CONVERSION = YES;
				CLANG_WARN_DEPRECATED_OBJC_IMPLEMENTATIONS = YES;
				CLANG_WARN_DIRECT_OBJC_ISA_USAGE = YES_ERROR;
				CLANG_WARN_DOCUMENTATION_COMMENTS = YES;
				CLANG_WARN_EMPTY_BODY = YES;
				CLANG_WARN_ENUM_CONVERSION = YES;
				CLANG_WARN_INFINITE_RECURSION = YES;
				CLANG_WARN_INT_CONVERSION = YES;
				CLANG_WARN_NON_LITERAL_NULL_CONVERSION = YES;
				CLANG_WARN_OBJC_IMPLICIT_RETAIN_SELF = YES;
				CLANG_WARN_OBJC_LITERAL_CONVERSION = YES;
				CLANG_WARN_OBJC_ROOT_CLASS = YES_ERROR;
				CLANG_WARN_QUOTED_INCLUDE_IN_FRAMEWORK_HEADER = YES;
				CLANG_WARN_RANGE_LOOP_ANALYSIS = YES;
				CLANG_WARN_STRICT_PROTOTYPES = YES;
				CLANG_WARN_SUSPICIOUS_MOVE = YES;
				CLANG_WARN_UNGUARDED_AVAILABILITY = YES_AGGRESSIVE;
				CLANG_WARN_UNREACHABLE_CODE = YES;
				CLANG_WARN__DUPLICATE_METHOD_MATCH = YES;
				COPY_PHASE_STRIP = NO;
				DEBUG_INFORMATION_FORMAT = dwarf;
				ENABLE_STRICT_OBJC_MSGSEND = YES;
				ENABLE_TESTABILITY = YES;
				GCC_C_LANGUAGE_STANDARD = gnu11;
				GCC_DYNAMIC_NO_PIC = NO;
				GCC_NO_COMMON_BLOCKS = YES;
				GCC_OPTIMIZATION_LEVEL = 0;
				GCC_PREPROCESSOR_DEFINITIONS = (
					"DEBUG=1",
					"$(inherited)",
				);
				GCC_WARN_64_TO_32_BIT_CONVERSION = YES;
				GCC_WARN_ABOUT_RETURN_TYPE = YES_ERROR;
				GCC_WARN_UNDECLARED_SELECTOR = YES;
				GCC_WARN_UNINITIALIZED_AUTOS = YES_AGGRESSIVE;
				GCC_WARN_UNUSED_FUNCTION = YES;
				GCC_WARN_UNUSED_VARIABLE = YES;
				IPHONEOS_DEPLOYMENT_TARGET = 14.4;
				MTL_ENABLE_DEBUG_INFO = INCLUDE_SOURCE;
				MTL_FAST_MATH = YES;
				ONLY_ACTIVE_ARCH = YES;
				SDKROOT = iphoneos;
				SWIFT_ACTIVE_COMPILATION_CONDITIONS = DEBUG;
				SWIFT_OPTIMIZATION_LEVEL = "-Onone";
			};
			name = Debug;
		};
		272BF01A27A2195800606901 /* Release */ = {
			isa = XCBuildConfiguration;
			buildSettings = {
				ALWAYS_SEARCH_USER_PATHS = NO;
				CLANG_ANALYZER_NONNULL = YES;
				CLANG_ANALYZER_NUMBER_OBJECT_CONVERSION = YES_AGGRESSIVE;
				CLANG_CXX_LANGUAGE_STANDARD = "gnu++14";
				CLANG_CXX_LIBRARY = "libc++";
				CLANG_ENABLE_MODULES = YES;
				CLANG_ENABLE_OBJC_ARC = YES;
				CLANG_ENABLE_OBJC_WEAK = YES;
				CLANG_WARN_BLOCK_CAPTURE_AUTORELEASING = YES;
				CLANG_WARN_BOOL_CONVERSION = YES;
				CLANG_WARN_COMMA = YES;
				CLANG_WARN_CONSTANT_CONVERSION = YES;
				CLANG_WARN_DEPRECATED_OBJC_IMPLEMENTATIONS = YES;
				CLANG_WARN_DIRECT_OBJC_ISA_USAGE = YES_ERROR;
				CLANG_WARN_DOCUMENTATION_COMMENTS = YES;
				CLANG_WARN_EMPTY_BODY = YES;
				CLANG_WARN_ENUM_CONVERSION = YES;
				CLANG_WARN_INFINITE_RECURSION = YES;
				CLANG_WARN_INT_CONVERSION = YES;
				CLANG_WARN_NON_LITERAL_NULL_CONVERSION = YES;
				CLANG_WARN_OBJC_IMPLICIT_RETAIN_SELF = YES;
				CLANG_WARN_OBJC_LITERAL_CONVERSION = YES;
				CLANG_WARN_OBJC_ROOT_CLASS = YES_ERROR;
				CLANG_WARN_QUOTED_INCLUDE_IN_FRAMEWORK_HEADER = YES;
				CLANG_WARN_RANGE_LOOP_ANALYSIS = YES;
				CLANG_WARN_STRICT_PROTOTYPES = YES;
				CLANG_WARN_SUSPICIOUS_MOVE = YES;
				CLANG_WARN_UNGUARDED_AVAILABILITY = YES_AGGRESSIVE;
				CLANG_WARN_UNREACHABLE_CODE = YES;
				CLANG_WARN__DUPLICATE_METHOD_MATCH = YES;
				COPY_PHASE_STRIP = NO;
				DEBUG_INFORMATION_FORMAT = "dwarf-with-dsym";
				ENABLE_NS_ASSERTIONS = NO;
				ENABLE_STRICT_OBJC_MSGSEND = YES;
				GCC_C_LANGUAGE_STANDARD = gnu11;
				GCC_NO_COMMON_BLOCKS = YES;
				GCC_WARN_64_TO_32_BIT_CONVERSION = YES;
				GCC_WARN_ABOUT_RETURN_TYPE = YES_ERROR;
				GCC_WARN_UNDECLARED_SELECTOR = YES;
				GCC_WARN_UNINITIALIZED_AUTOS = YES_AGGRESSIVE;
				GCC_WARN_UNUSED_FUNCTION = YES;
				GCC_WARN_UNUSED_VARIABLE = YES;
				IPHONEOS_DEPLOYMENT_TARGET = 14.4;
				MTL_ENABLE_DEBUG_INFO = NO;
				MTL_FAST_MATH = YES;
				SDKROOT = iphoneos;
				SWIFT_COMPILATION_MODE = wholemodule;
				SWIFT_OPTIMIZATION_LEVEL = "-O";
				VALIDATE_PRODUCT = YES;
			};
			name = Release;
		};
		272BF01C27A2195800606901 /* Debug */ = {
			isa = XCBuildConfiguration;
			buildSettings = {
				ASSETCATALOG_COMPILER_APPICON_NAME = AppIcon;
				ASSETCATALOG_COMPILER_GLOBAL_ACCENT_COLOR_NAME = AccentColor;
				CODE_SIGN_STYLE = Automatic;
				INFOPLIST_FILE = Onboarding/Info.plist;
				LD_RUNPATH_SEARCH_PATHS = (
					"$(inherited)",
					"@executable_path/Frameworks",
				);
				PRODUCT_BUNDLE_IDENTIFIER = my.app.Onboarding;
				PRODUCT_NAME = "$(TARGET_NAME)";
				SWIFT_VERSION = 5.0;
				TARGETED_DEVICE_FAMILY = "1,2";
			};
			name = Debug;
		};
		272BF01D27A2195800606901 /* Release */ = {
			isa = XCBuildConfiguration;
			buildSettings = {
				ASSETCATALOG_COMPILER_APPICON_NAME = AppIcon;
				ASSETCATALOG_COMPILER_GLOBAL_ACCENT_COLOR_NAME = AccentColor;
				CODE_SIGN_STYLE = Automatic;
				INFOPLIST_FILE = Onboarding/Info.plist;
				LD_RUNPATH_SEARCH_PATHS = (
					"$(inherited)",
					"@executable_path/Frameworks",
				);
				PRODUCT_BUNDLE_IDENTIFIER = my.app.Onboarding;
				PRODUCT_NAME = "$(TARGET_NAME)";
				SWIFT_VERSION = 5.0;
				TARGETED_DEVICE_FAMILY = "1,2";
			};
			name = Release;
		};
		272BF01F27A2195800606901 /* Debug */ = {
			isa = XCBuildConfiguration;
			buildSettings = {
				ALWAYS_EMBED_SWIFT_STANDARD_LIBRARIES = YES;
				BUNDLE_LOADER = "$(TEST_HOST)";
				CODE_SIGN_STYLE = Automatic;
				INFOPLIST_FILE = OnboardingTests/Info.plist;
				IPHONEOS_DEPLOYMENT_TARGET = 14.4;
				LD_RUNPATH_SEARCH_PATHS = (
					"$(inherited)",
					"@executable_path/Frameworks",
					"@loader_path/Frameworks",
				);
				PRODUCT_BUNDLE_IDENTIFIER = my.app.OnboardingTests;
				PRODUCT_NAME = "$(TARGET_NAME)";
				SWIFT_VERSION = 5.0;
				TARGETED_DEVICE_FAMILY = "1,2";
				TEST_HOST = "$(BUILT_PRODUCTS_DIR)/Onboarding.app/Onboarding";
			};
			name = Debug;
		};
		272BF02027A2195800606901 /* Release */ = {
			isa = XCBuildConfiguration;
			buildSettings = {
				ALWAYS_EMBED_SWIFT_STANDARD_LIBRARIES = YES;
				BUNDLE_LOADER = "$(TEST_HOST)";
				CODE_SIGN_STYLE = Automatic;
				INFOPLIST_FILE = OnboardingTests/Info.plist;
				IPHONEOS_DEPLOYMENT_TARGET = 14.4;
				LD_RUNPATH_SEARCH_PATHS = (
					"$(inherited)",
					"@executable_path/Frameworks",
					"@loader_path/Frameworks",
				);
				PRODUCT_BUNDLE_IDENTIFIER = my.app.OnboardingTests;
				PRODUCT_NAME = "$(TARGET_NAME)";
				SWIFT_VERSION = 5.0;
				TARGETED_DEVICE_FAMILY = "1,2";
				TEST_HOST = "$(BUILT_PRODUCTS_DIR)/Onboarding.app/Onboarding";
			};
			name = Release;
		};
		272BF02227A2195800606901 /* Debug */ = {
			isa = XCBuildConfiguration;
			buildSettings = {
				ALWAYS_EMBED_SWIFT_STANDARD_LIBRARIES = YES;
				CODE_SIGN_STYLE = Automatic;
				INFOPLIST_FILE = OnboardingUITests/Info.plist;
				LD_RUNPATH_SEARCH_PATHS = (
					"$(inherited)",
					"@executable_path/Frameworks",
					"@loader_path/Frameworks",
				);
				PRODUCT_BUNDLE_IDENTIFIER = my.app.OnboardingUITests;
				PRODUCT_NAME = "$(TARGET_NAME)";
				SWIFT_VERSION = 5.0;
				TARGETED_DEVICE_FAMILY = "1,2";
				TEST_TARGET_NAME = Onboarding;
			};
			name = Debug;
		};
		272BF02327A2195800606901 /* Release */ = {
			isa = XCBuildConfiguration;
			buildSettings = {
				ALWAYS_EMBED_SWIFT_STANDARD_LIBRARIES = YES;
				CODE_SIGN_STYLE = Automatic;
				INFOPLIST_FILE = OnboardingUITests/Info.plist;
				LD_RUNPATH_SEARCH_PATHS = (
					"$(inherited)",
					"@executable_path/Frameworks",
					"@loader_path/Frameworks",
				);
				PRODUCT_BUNDLE_IDENTIFIER = my.app.OnboardingUITests;
				PRODUCT_NAME = "$(TARGET_NAME)";
				SWIFT_VERSION = 5.0;
				TARGETED_DEVICE_FAMILY = "1,2";
				TEST_TARGET_NAME = Onboarding;
			};
			name = Release;
		};
/* End XCBuildConfiguration section */

/* Begin XCConfigurationList section */
		272BEFEC27A2195700606901 /* Build configuration list for PBXProject "Onboarding" */ = {
			isa = XCConfigurationList;
			buildConfigurations = (
				272BF01927A2195800606901 /* Debug */,
				272BF01A27A2195800606901 /* Release */,
			);
			defaultConfigurationIsVisible = 0;
			defaultConfigurationName = Release;
		};
		272BF01B27A2195800606901 /* Build configuration list for PBXNativeTarget "Onboarding" */ = {
			isa = XCConfigurationList;
			buildConfigurations = (
				272BF01C27A2195800606901 /* Debug */,
				272BF01D27A2195800606901 /* Release */,
			);
			defaultConfigurationIsVisible = 0;
			defaultConfigurationName = Release;
		};
		272BF01E27A2195800606901 /* Build configuration list for PBXNativeTarget "OnboardingTests" */ = {
			isa = XCConfigurationList;
			buildConfigurations = (
				272BF01F27A2195800606901 /* Debug */,
				272BF02027A2195800606901 /* Release */,
			);
			defaultConfigurationIsVisible = 0;
			defaultConfigurationName = Release;
		};
		272BF02127A2195800606901 /* Build configuration list for PBXNativeTarget "OnboardingUITests" */ = {
			isa = XCConfigurationList;
			buildConfigurations = (
				272BF02227A2195800606901 /* Debug */,
				272BF02327A2195800606901 /* Release */,
			);
			defaultConfigurationIsVisible = 0;
			defaultConfigurationName = Release;
		};
/* End XCConfigurationList section */
	};
	rootObject = 272BEFE927A2195700606901 /* Project object */;
}
